
Microsoft Visual Studio Solution File, Format Version 12.00
# Visual Studio Version 17
VisualStudioVersion = 17.9.34616.47
MinimumVisualStudioVersion = 10.0.40219.1
Project("{FAE04EC0-301F-11D3-BF4B-00C04F79EFBC}") = "Task Management Application", "Task Management Application.csproj", "{083F3FCD-86B3-426B-839C-D3F674703E74}"
EndProject
Global
	GlobalSection(SolutionConfigurationPlatforms) = preSolution
		Debug|Any CPU = Debug|Any CPU
		Release|Any CPU = Release|Any CPU
	EndGlobalSection
	GlobalSection(ProjectConfigurationPlatforms) = postSolution
		{083F3FCD-86B3-426B-839C-D3F674703E74}.Debug|Any CPU.ActiveCfg = Debug|Any CPU
		{083F3FCD-86B3-426B-839C-D3F674703E74}.Debug|Any CPU.Build.0 = Debug|Any CPU
		{083F3FCD-86B3-426B-839C-D3F674703E74}.Debug|Any CPU.Deploy.0 = Debug|Any CPU
		{083F3FCD-86B3-426B-839C-D3F674703E74}.Release|Any CPU.ActiveCfg = Release|Any CPU
		{083F3FCD-86B3-426B-839C-D3F674703E74}.Release|Any CPU.Build.0 = Release|Any CPU
		{083F3FCD-86B3-426B-839C-D3F674703E74}.Release|Any CPU.Deploy.0 = Release|Any CPU
	EndGlobalSection
	GlobalSection(SolutionProperties) = preSolution
		HideSolutionNode = FALSE
	EndGlobalSection
	GlobalSection(ExtensibilityGlobals) = postSolution
		SolutionGuid = {BB70D5D8-34BD-466D-9C34-941082A45156}
	EndGlobalSection
EndGlobal
